// !$*UTF8*$!
{
	archiveVersion = 1;
	classes = {
	};
	objectVersion = 55;
	objects = {

/* Begin PBXBuildFile section */
		26310AF227E412DC0054D9C3 /* AppDelegate.swift in Sources */ = {isa = PBXBuildFile; fileRef = 26310AF127E412DC0054D9C3 /* AppDelegate.swift */; };
		26310AF427E412DC0054D9C3 /* SceneDelegate.swift in Sources */ = {isa = PBXBuildFile; fileRef = 26310AF327E412DC0054D9C3 /* SceneDelegate.swift */; };
		26310AF627E412DC0054D9C3 /* ViewController.swift in Sources */ = {isa = PBXBuildFile; fileRef = 26310AF527E412DC0054D9C3 /* ViewController.swift */; };
		26310AF927E412DC0054D9C3 /* Main.storyboard in Resources */ = {isa = PBXBuildFile; fileRef = 26310AF727E412DC0054D9C3 /* Main.storyboard */; };
		26310AFC27E412DC0054D9C3 /* AppCoreData.xcdatamodeld in Sources */ = {isa = PBXBuildFile; fileRef = 26310AFA27E412DC0054D9C3 /* AppCoreData.xcdatamodeld */; };
		26310AFE27E412DC0054D9C3 /* Assets.xcassets in Resources */ = {isa = PBXBuildFile; fileRef = 26310AFD27E412DC0054D9C3 /* Assets.xcassets */; };
		26310B0127E412DC0054D9C3 /* LaunchScreen.storyboard in Resources */ = {isa = PBXBuildFile; fileRef = 26310AFF27E412DC0054D9C3 /* LaunchScreen.storyboard */; };
		26310B0A27E412EF0054D9C3 /* CoreData.framework in Frameworks */ = {isa = PBXBuildFile; fileRef = 26310B0927E412EF0054D9C3 /* CoreData.framework */; };
		26310B0C27E413160054D9C3 /* ManagedObjectContext.swift in Sources */ = {isa = PBXBuildFile; fileRef = 26310B0B27E413160054D9C3 /* ManagedObjectContext.swift */; };
		26310B0E27E413880054D9C3 /* Person.swift in Sources */ = {isa = PBXBuildFile; fileRef = 26310B0D27E413880054D9C3 /* Person.swift */; };
/* End PBXBuildFile section */

/* Begin PBXFileReference section */
		26310AEE27E412DC0054D9C3 /* AppCoreData.app */ = {isa = PBXFileReference; explicitFileType = wrapper.application; includeInIndex = 0; path = AppCoreData.app; sourceTree = BUILT_PRODUCTS_DIR; };
		26310AF127E412DC0054D9C3 /* AppDelegate.swift */ = {isa = PBXFileReference; lastKnownFileType = sourcecode.swift; path = AppDelegate.swift; sourceTree = "<group>"; };
		26310AF327E412DC0054D9C3 /* SceneDelegate.swift */ = {isa = PBXFileReference; lastKnownFileType = sourcecode.swift; path = SceneDelegate.swift; sourceTree = "<group>"; };
		26310AF527E412DC0054D9C3 /* ViewController.swift */ = {isa = PBXFileReference; lastKnownFileType = sourcecode.swift; path = ViewController.swift; sourceTree = "<group>"; };
		26310AF827E412DC0054D9C3 /* Base */ = {isa = PBXFileReference; lastKnownFileType = file.storyboard; name = Base; path = Base.lproj/Main.storyboard; sourceTree = "<group>"; };
		26310AFB27E412DC0054D9C3 /* AppCoreData.xcdatamodel */ = {isa = PBXFileReference; lastKnownFileType = wrapper.xcdatamodel; path = AppCoreData.xcdatamodel; sourceTree = "<group>"; };
		26310AFD27E412DC0054D9C3 /* Assets.xcassets */ = {isa = PBXFileReference; lastKnownFileType = folder.assetcatalog; path = Assets.xcassets; sourceTree = "<group>"; };
		26310B0027E412DC0054D9C3 /* Base */ = {isa = PBXFileReference; lastKnownFileType = file.storyboard; name = Base; path = Base.lproj/LaunchScreen.storyboard; sourceTree = "<group>"; };
		26310B0227E412DC0054D9C3 /* Info.plist */ = {isa = PBXFileReference; lastKnownFileType = text.plist.xml; path = Info.plist; sourceTree = "<group>"; };
		26310B0927E412EF0054D9C3 /* CoreData.framework */ = {isa = PBXFileReference; lastKnownFileType = wrapper.framework; name = CoreData.framework; path = System/Library/Frameworks/CoreData.framework; sourceTree = SDKROOT; };
		26310B0B27E413160054D9C3 /* ManagedObjectContext.swift */ = {isa = PBXFileReference; lastKnownFileType = sourcecode.swift; path = ManagedObjectContext.swift; sourceTree = "<group>"; };
		26310B0D27E413880054D9C3 /* Person.swift */ = {isa = PBXFileReference; lastKnownFileType = sourcecode.swift; path = Person.swift; sourceTree = "<group>"; };
/* End PBXFileReference section */

/* Begin PBXFrameworksBuildPhase section */
		26310AEB27E412DC0054D9C3 /* Frameworks */ = {
			isa = PBXFrameworksBuildPhase;
			buildActionMask = 2147483647;
			files = (
				26310B0A27E412EF0054D9C3 /* CoreData.framework in Frameworks */,
			);
			runOnlyForDeploymentPostprocessing = 0;
		};
/* End PBXFrameworksBuildPhase section */

/* Begin PBXGroup section */
		26310AE527E412DC0054D9C3 = {
			isa = PBXGroup;
			children = (
				26310AF027E412DC0054D9C3 /* AppCoreData */,
				26310AEF27E412DC0054D9C3 /* Products */,
				26310B0827E412EF0054D9C3 /* Frameworks */,
			);
			sourceTree = "<group>";
		};
		26310AEF27E412DC0054D9C3 /* Products */ = {
			isa = PBXGroup;
			children = (
				26310AEE27E412DC0054D9C3 /* AppCoreData.app */,
			);
			name = Products;
			sourceTree = "<group>";
		};
		26310AF027E412DC0054D9C3 /* AppCoreData */ = {
			isa = PBXGroup;
			children = (
				26310AF127E412DC0054D9C3 /* AppDelegate.swift */,
				26310AF327E412DC0054D9C3 /* SceneDelegate.swift */,
				26310AF527E412DC0054D9C3 /* ViewController.swift */,
				26310AF727E412DC0054D9C3 /* Main.storyboard */,
				26310AFD27E412DC0054D9C3 /* Assets.xcassets */,
				26310AFF27E412DC0054D9C3 /* LaunchScreen.storyboard */,
				26310B0227E412DC0054D9C3 /* Info.plist */,
				26310AFA27E412DC0054D9C3 /* AppCoreData.xcdatamodeld */,
				26310B0B27E413160054D9C3 /* ManagedObjectContext.swift */,
				26310B0D27E413880054D9C3 /* Person.swift */,
			);
			path = AppCoreData;
			sourceTree = "<group>";
		};
		26310B0827E412EF0054D9C3 /* Frameworks */ = {
			isa = PBXGroup;
			children = (
				26310B0927E412EF0054D9C3 /* CoreData.framework */,
			);
			name = Frameworks;
			sourceTree = "<group>";
		};
/* End PBXGroup section */

/* Begin PBXNativeTarget section */
		26310AED27E412DC0054D9C3 /* AppCoreData */ = {
			isa = PBXNativeTarget;
			buildConfigurationList = 26310B0527E412DC0054D9C3 /* Build configuration list for PBXNativeTarget "AppCoreData" */;
			buildPhases = (
				26310AEA27E412DC0054D9C3 /* Sources */,
				26310AEB27E412DC0054D9C3 /* Frameworks */,
				26310AEC27E412DC0054D9C3 /* Resources */,
			);
			buildRules = (
			);
			dependencies = (
			);
			name = AppCoreData;
			productName = AppCoreData;
			productReference = 26310AEE27E412DC0054D9C3 /* AppCoreData.app */;
			productType = "com.apple.product-type.application";
		};
/* End PBXNativeTarget section */

/* Begin PBXProject section */
		26310AE627E412DC0054D9C3 /* Project object */ = {
			isa = PBXProject;
			attributes = {
				BuildIndependentTargetsInParallel = 1;
				LastSwiftUpdateCheck = 1320;
				LastUpgradeCheck = 1320;
				TargetAttributes = {
					26310AED27E412DC0054D9C3 = {
						CreatedOnToolsVersion = 13.2.1;
					};
				};
			};
			buildConfigurationList = 26310AE927E412DC0054D9C3 /* Build configuration list for PBXProject "AppCoreData" */;
			compatibilityVersion = "Xcode 13.0";
			developmentRegion = en;
			hasScannedForEncodings = 0;
			knownRegions = (
				en,
				Base,
			);
			mainGroup = 26310AE527E412DC0054D9C3;
			productRefGroup = 26310AEF27E412DC0054D9C3 /* Products */;
			projectDirPath = "";
			projectRoot = "";
			targets = (
				26310AED27E412DC0054D9C3 /* AppCoreData */,
			);
		};
/* End PBXProject section */

/* Begin PBXResourcesBuildPhase section */
		26310AEC27E412DC0054D9C3 /* Resources */ = {
			isa = PBXResourcesBuildPhase;
			buildActionMask = 2147483647;
			files = (
				26310B0127E412DC0054D9C3 /* LaunchScreen.storyboard in Resources */,
				26310AFE27E412DC0054D9C3 /* Assets.xcassets in Resources */,
				26310AF927E412DC0054D9C3 /* Main.storyboard in Resources */,
			);
			runOnlyForDeploymentPostprocessing = 0;
		};
/* End PBXResourcesBuildPhase section */

/* Begin PBXSourcesBuildPhase section */
		26310AEA27E412DC0054D9C3 /* Sources */ = {
			isa = PBXSourcesBuildPhase;
			buildActionMask = 2147483647;
			files = (
				26310B0E27E413880054D9C3 /* Person.swift in Sources */,
				26310AFC27E412DC0054D9C3 /* AppCoreData.xcdatamodeld in Sources */,
				26310AF627E412DC0054D9C3 /* ViewController.swift in Sources */,
				26310AF227E412DC0054D9C3 /* AppDelegate.swift in Sources */,
				26310B0C27E413160054D9C3 /* ManagedObjectContext.swift in Sources */,
				26310AF427E412DC0054D9C3 /* SceneDelegate.swift in Sources */,
			);
			runOnlyForDeploymentPostprocessing = 0;
		};
/* End PBXSourcesBuildPhase section */

/* Begin PBXVariantGroup section */
		26310AF727E412DC0054D9C3 /* Main.storyboard */ = {
			isa = PBXVariantGroup;
			children = (
				26310AF827E412DC0054D9C3 /* Base */,
			);
			name = Main.storyboard;
			sourceTree = "<group>";
		};
		26310AFF27E412DC0054D9C3 /* LaunchScreen.storyboard */ = {
			isa = PBXVariantGroup;
			children = (
				26310B0027E412DC0054D9C3 /* Base */,
			);
			name = LaunchScreen.storyboard;
			sourceTree = "<group>";
		};
/* End PBXVariantGroup section */

/* Begin XCBuildConfiguration section */
		26310B0327E412DC0054D9C3 /* Debug */ = {
			isa = XCBuildConfiguration;
			buildSettings = {
				ALWAYS_SEARCH_USER_PATHS = NO;
				CLANG_ANALYZER_NONNULL = YES;
				CLANG_ANALYZER_NUMBER_OBJECT_CONVERSION = YES_AGGRESSIVE;
				CLANG_CXX_LANGUAGE_STANDARD = "gnu++17";
				CLANG_CXX_LIBRARY = "libc++";
				CLANG_ENABLE_MODULES = YES;
				CLANG_ENABLE_OBJC_ARC = YES;
				CLANG_ENABLE_OBJC_WEAK = YES;
				CLANG_WARN_BLOCK_CAPTURE_AUTORELEASING = YES;
				CLANG_WARN_BOOL_CONVERSION = YES;
				CLANG_WARN_COMMA = YES;
				CLANG_WARN_CONSTANT_CONVERSION = YES;
				CLANG_WARN_DEPRECATED_OBJC_IMPLEMENTATIONS = YES;
				CLANG_WARN_DIRECT_OBJC_ISA_USAGE = YES_ERROR;
				CLANG_WARN_DOCUMENTATION_COMMENTS = YES;
				CLANG_WARN_EMPTY_BODY = YES;
				CLANG_WARN_ENUM_CONVERSION = YES;
				CLANG_WARN_INFINITE_RECURSION = YES;
				CLANG_WARN_INT_CONVERSION = YES;
				CLANG_WARN_NON_LITERAL_NULL_CONVERSION = YES;
				CLANG_WARN_OBJC_IMPLICIT_RETAIN_SELF = YES;
				CLANG_WARN_OBJC_LITERAL_CONVERSION = YES;
				CLANG_WARN_OBJC_ROOT_CLASS = YES_ERROR;
				CLANG_WARN_QUOTED_INCLUDE_IN_FRAMEWORK_HEADER = YES;
				CLANG_WARN_RANGE_LOOP_ANALYSIS = YES;
				CLANG_WARN_STRICT_PROTOTYPES = YES;
				CLANG_WARN_SUSPICIOUS_MOVE = YES;
				CLANG_WARN_UNGUARDED_AVAILABILITY = YES_AGGRESSIVE;
				CLANG_WARN_UNREACHABLE_CODE = YES;
				CLANG_WARN__DUPLICATE_METHOD_MATCH = YES;
				COPY_PHASE_STRIP = NO;
				DEBUG_INFORMATION_FORMAT = dwarf;
				ENABLE_STRICT_OBJC_MSGSEND = YES;
				ENABLE_TESTABILITY = YES;
				GCC_C_LANGUAGE_STANDARD = gnu11;
				GCC_DYNAMIC_NO_PIC = NO;
				GCC_NO_COMMON_BLOCKS = YES;
				GCC_OPTIMIZATION_LEVEL = 0;
				GCC_PREPROCESSOR_DEFINITIONS = (
					"DEBUG=1",
					"$(inherited)",
				);
				GCC_WARN_64_TO_32_BIT_CONVERSION = YES;
				GCC_WARN_ABOUT_RETURN_TYPE = YES_ERROR;
				GCC_WARN_UNDECLARED_SELECTOR = YES;
				GCC_WARN_UNINITIALIZED_AUTOS = YES_AGGRESSIVE;
				GCC_WARN_UNUSED_FUNCTION = YES;
				GCC_WARN_UNUSED_VARIABLE = YES;
				IPHONEOS_DEPLOYMENT_TARGET = 15.2;
				MTL_ENABLE_DEBUG_INFO = INCLUDE_SOURCE;
				MTL_FAST_MATH = YES;
				ONLY_ACTIVE_ARCH = YES;
				SDKROOT = iphoneos;
				SWIFT_ACTIVE_COMPILATION_CONDITIONS = DEBUG;
				SWIFT_OPTIMIZATION_LEVEL = "-Onone";
			};
			name = Debug;
		};
		26310B0427E412DC0054D9C3 /* Release */ = {
			isa = XCBuildConfiguration;
			buildSettings = {
				ALWAYS_SEARCH_USER_PATHS = NO;
				CLANG_ANALYZER_NONNULL = YES;
				CLANG_ANALYZER_NUMBER_OBJECT_CONVERSION = YES_AGGRESSIVE;
				CLANG_CXX_LANGUAGE_STANDARD = "gnu++17";
				CLANG_CXX_LIBRARY = "libc++";
				CLANG_ENABLE_MODULES = YES;
				CLANG_ENABLE_OBJC_ARC = YES;
				CLANG_ENABLE_OBJC_WEAK = YES;
				CLANG_WARN_BLOCK_CAPTURE_AUTORELEASING = YES;
				CLANG_WARN_BOOL_CONVERSION = YES;
				CLANG_WARN_COMMA = YES;
				CLANG_WARN_CONSTANT_CONVERSION = YES;
				CLANG_WARN_DEPRECATED_OBJC_IMPLEMENTATIONS = YES;
				CLANG_WARN_DIRECT_OBJC_ISA_USAGE = YES_ERROR;
				CLANG_WARN_DOCUMENTATION_COMMENTS = YES;
				CLANG_WARN_EMPTY_BODY = YES;
				CLANG_WARN_ENUM_CONVERSION = YES;
				CLANG_WARN_INFINITE_RECURSION = YES;
				CLANG_WARN_INT_CONVERSION = YES;
				CLANG_WARN_NON_LITERAL_NULL_CONVERSION = YES;
				CLANG_WARN_OBJC_IMPLICIT_RETAIN_SELF = YES;
				CLANG_WARN_OBJC_LITERAL_CONVERSION = YES;
				CLANG_WARN_OBJC_ROOT_CLASS = YES_ERROR;
				CLANG_WARN_QUOTED_INCLUDE_IN_FRAMEWORK_HEADER = YES;
				CLANG_WARN_RANGE_LOOP_ANALYSIS = YES;
				CLANG_WARN_STRICT_PROTOTYPES = YES;
				CLANG_WARN_SUSPICIOUS_MOVE = YES;
				CLANG_WARN_UNGUARDED_AVAILABILITY = YES_AGGRESSIVE;
				CLANG_WARN_UNREACHABLE_CODE = YES;
				CLANG_WARN__DUPLICATE_METHOD_MATCH = YES;
				COPY_PHASE_STRIP = NO;
				DEBUG_INFORMATION_FORMAT = "dwarf-with-dsym";
				ENABLE_NS_ASSERTIONS = NO;
				ENABLE_STRICT_OBJC_MSGSEND = YES;
				GCC_C_LANGUAGE_STANDARD = gnu11;
				GCC_NO_COMMON_BLOCKS = YES;
				GCC_WARN_64_TO_32_BIT_CONVERSION = YES;
				GCC_WARN_ABOUT_RETURN_TYPE = YES_ERROR;
				GCC_WARN_UNDECLARED_SELECTOR = YES;
				GCC_WARN_UNINITIALIZED_AUTOS = YES_AGGRESSIVE;
				GCC_WARN_UNUSED_FUNCTION = YES;
				GCC_WARN_UNUSED_VARIABLE = YES;
				IPHONEOS_DEPLOYMENT_TARGET = 15.2;
				MTL_ENABLE_DEBUG_INFO = NO;
				MTL_FAST_MATH = YES;
				SDKROOT = iphoneos;
				SWIFT_COMPILATION_MODE = wholemodule;
				SWIFT_OPTIMIZATION_LEVEL = "-O";
				VALIDATE_PRODUCT = YES;
			};
			name = Release;
		};
		26310B0627E412DC0054D9C3 /* Debug */ = {
			isa = XCBuildConfiguration;
			buildSettings = {
				ASSETCATALOG_COMPILER_APPICON_NAME = AppIcon;
				ASSETCATALOG_COMPILER_GLOBAL_ACCENT_COLOR_NAME = AccentColor;
				CODE_SIGN_STYLE = Automatic;
				CURRENT_PROJECT_VERSION = 1;
				DEVELOPMENT_TEAM = W5N48362H7;
				GENERATE_INFOPLIST_FILE = YES;
				INFOPLIST_FILE = AppCoreData/Info.plist;
				INFOPLIST_KEY_UIApplicationSupportsIndirectInputEvents = YES;
				INFOPLIST_KEY_UILaunchStoryboardName = LaunchScreen;
				INFOPLIST_KEY_UIMainStoryboardFile = Main;
				INFOPLIST_KEY_UISupportedInterfaceOrientations = UIInterfaceOrientationPortrait;
				INFOPLIST_KEY_UISupportedInterfaceOrientations_iPad = "UIInterfaceOrientationPortrait UIInterfaceOrientationPortraitUpsideDown UIInterfaceOrientationLandscapeLeft UIInterfaceOrientationLandscapeRight";
				INFOPLIST_KEY_UISupportedInterfaceOrientations_iPhone = "UIInterfaceOrientationPortrait UIInterfaceOrientationLandscapeLeft UIInterfaceOrientationLandscapeRight";
				LD_RUNPATH_SEARCH_PATHS = (
					"$(inherited)",
					"@executable_path/Frameworks",
				);
				MARKETING_VERSION = 1.0;
				PRODUCT_BUNDLE_IDENTIFIER = com.williamdsk.AppCoreData;
				PRODUCT_NAME = "$(TARGET_NAME)";
				SWIFT_EMIT_LOC_STRINGS = YES;
				SWIFT_VERSION = 5.0;
				TARGETED_DEVICE_FAMILY = 1;
			};
			name = Debug;
		};
		26310B0727E412DC0054D9C3 /* Release */ = {
			isa = XCBuildConfiguration;
			buildSettings = {
				ASSETCATALOG_COMPILER_APPICON_NAME = AppIcon;
				ASSETCATALOG_COMPILER_GLOBAL_ACCENT_COLOR_NAME = AccentColor;
				CODE_SIGN_STYLE = Automatic;
				CURRENT_PROJECT_VERSION = 1;
				DEVELOPMENT_TEAM = W5N48362H7;
				GENERATE_INFOPLIST_FILE = YES;
				INFOPLIST_FILE = AppCoreData/Info.plist;
				INFOPLIST_KEY_UIApplicationSupportsIndirectInputEvents = YES;
				INFOPLIST_KEY_UILaunchStoryboardName = LaunchScreen;
				INFOPLIST_KEY_UIMainStoryboardFile = Main;
				INFOPLIST_KEY_UISupportedInterfaceOrientations = UIInterfaceOrientationPortrait;
				INFOPLIST_KEY_UISupportedInterfaceOrientations_iPad = "UIInterfaceOrientationPortrait UIInterfaceOrientationPortraitUpsideDown UIInterfaceOrientationLandscapeLeft UIInterfaceOrientationLandscapeRight";
				INFOPLIST_KEY_UISupportedInterfaceOrientations_iPhone = "UIInterfaceOrientationPortrait UIInterfaceOrientationLandscapeLeft UIInterfaceOrientationLandscapeRight";
				LD_RUNPATH_SEARCH_PATHS = (
					"$(inherited)",
					"@executable_path/Frameworks",
				);
				MARKETING_VERSION = 1.0;
				PRODUCT_BUNDLE_IDENTIFIER = com.williamdsk.AppCoreData;
				PRODUCT_NAME = "$(TARGET_NAME)";
				SWIFT_EMIT_LOC_STRINGS = YES;
				SWIFT_VERSION = 5.0;
				TARGETED_DEVICE_FAMILY = 1;
			};
			name = Release;
		};
/* End XCBuildConfiguration section */

/* Begin XCConfigurationList section */
		26310AE927E412DC0054D9C3 /* Build configuration list for PBXProject "AppCoreData" */ = {
			isa = XCConfigurationList;
			buildConfigurations = (
				26310B0327E412DC0054D9C3 /* Debug */,
				26310B0427E412DC0054D9C3 /* Release */,
			);
			defaultConfigurationIsVisible = 0;
			defaultConfigurationName = Release;
		};
		26310B0527E412DC0054D9C3 /* Build configuration list for PBXNativeTarget "AppCoreData" */ = {
			isa = XCConfigurationList;
			buildConfigurations = (
				26310B0627E412DC0054D9C3 /* Debug */,
				26310B0727E412DC0054D9C3 /* Release */,
			);
			defaultConfigurationIsVisible = 0;
			defaultConfigurationName = Release;
		};
/* End XCConfigurationList section */

/* Begin XCVersionGroup section */
		26310AFA27E412DC0054D9C3 /* AppCoreData.xcdatamodeld */ = {
			isa = XCVersionGroup;
			children = (
				26310AFB27E412DC0054D9C3 /* AppCoreData.xcdatamodel */,
			);
			currentVersion = 26310AFB27E412DC0054D9C3 /* AppCoreData.xcdatamodel */;
			path = AppCoreData.xcdatamodeld;
			sourceTree = "<group>";
			versionGroupType = wrapper.xcdatamodel;
		};
/* End XCVersionGroup section */
	};
	rootObject = 26310AE627E412DC0054D9C3 /* Project object */;
}
