// !$*UTF8*$!
{
	archiveVersion = 1;
	classes = {
	};
	objectVersion = 55;
	objects = {

/* Begin PBXBuildFile section */
		263F5EAD27E29CFE00B586A6 /* AppDelegate.swift in Sources */ = {isa = PBXBuildFile; fileRef = 263F5EAC27E29CFE00B586A6 /* AppDelegate.swift */; };
		263F5EAF27E29CFE00B586A6 /* SceneDelegate.swift in Sources */ = {isa = PBXBuildFile; fileRef = 263F5EAE27E29CFE00B586A6 /* SceneDelegate.swift */; };
		263F5EB127E29CFE00B586A6 /* HomeViewController.swift in Sources */ = {isa = PBXBuildFile; fileRef = 263F5EB027E29CFE00B586A6 /* HomeViewController.swift */; };
		263F5EB427E29CFE00B586A6 /* Main.storyboard in Resources */ = {isa = PBXBuildFile; fileRef = 263F5EB227E29CFE00B586A6 /* Main.storyboard */; };
		263F5EB627E29D0000B586A6 /* Assets.xcassets in Resources */ = {isa = PBXBuildFile; fileRef = 263F5EB527E29D0000B586A6 /* Assets.xcassets */; };
		263F5EB927E29D0000B586A6 /* LaunchScreen.storyboard in Resources */ = {isa = PBXBuildFile; fileRef = 263F5EB727E29D0000B586A6 /* LaunchScreen.storyboard */; };
		263F5EC127E29E1E00B586A6 /* CategoriesViewController.swift in Sources */ = {isa = PBXBuildFile; fileRef = 263F5EC027E29E1E00B586A6 /* CategoriesViewController.swift */; };
		263F5EC327E29E2900B586A6 /* AboutViewController.swift in Sources */ = {isa = PBXBuildFile; fileRef = 263F5EC227E29E2900B586A6 /* AboutViewController.swift */; };
		263F5EC827E29F2300B586A6 /* MovieCollectionViewCell.swift in Sources */ = {isa = PBXBuildFile; fileRef = 263F5EC627E29F2300B586A6 /* MovieCollectionViewCell.swift */; };
		263F5EC927E29F2300B586A6 /* MovieCollectionViewCell.xib in Resources */ = {isa = PBXBuildFile; fileRef = 263F5EC727E29F2300B586A6 /* MovieCollectionViewCell.xib */; };
		F836C50827E2B17400CE5DD5 /* MovieTableViewCell.swift in Sources */ = {isa = PBXBuildFile; fileRef = F836C50627E2B17400CE5DD5 /* MovieTableViewCell.swift */; };
		F836C50927E2B17400CE5DD5 /* MovieTableViewCell.xib in Resources */ = {isa = PBXBuildFile; fileRef = F836C50727E2B17400CE5DD5 /* MovieTableViewCell.xib */; };
		F836C50C27E2B50600CE5DD5 /* Schedule.swift in Sources */ = {isa = PBXBuildFile; fileRef = F836C50B27E2B50600CE5DD5 /* Schedule.swift */; };
		F87F592B27E2A7070071D9A9 /* Movie.swift in Sources */ = {isa = PBXBuildFile; fileRef = F87F592A27E2A7070071D9A9 /* Movie.swift */; };
/* End PBXBuildFile section */

/* Begin PBXFileReference section */
		263F5EA927E29CFE00B586A6 /* Desafio_Aula08.app */ = {isa = PBXFileReference; explicitFileType = wrapper.application; includeInIndex = 0; path = Desafio_Aula08.app; sourceTree = BUILT_PRODUCTS_DIR; };
		263F5EAC27E29CFE00B586A6 /* AppDelegate.swift */ = {isa = PBXFileReference; lastKnownFileType = sourcecode.swift; path = AppDelegate.swift; sourceTree = "<group>"; };
		263F5EAE27E29CFE00B586A6 /* SceneDelegate.swift */ = {isa = PBXFileReference; lastKnownFileType = sourcecode.swift; path = SceneDelegate.swift; sourceTree = "<group>"; };
		263F5EB027E29CFE00B586A6 /* HomeViewController.swift */ = {isa = PBXFileReference; lastKnownFileType = sourcecode.swift; path = HomeViewController.swift; sourceTree = "<group>"; };
		263F5EB327E29CFE00B586A6 /* Base */ = {isa = PBXFileReference; lastKnownFileType = file.storyboard; name = Base; path = Base.lproj/Main.storyboard; sourceTree = "<group>"; };
		263F5EB527E29D0000B586A6 /* Assets.xcassets */ = {isa = PBXFileReference; lastKnownFileType = folder.assetcatalog; path = Assets.xcassets; sourceTree = "<group>"; };
		263F5EB827E29D0000B586A6 /* Base */ = {isa = PBXFileReference; lastKnownFileType = file.storyboard; name = Base; path = Base.lproj/LaunchScreen.storyboard; sourceTree = "<group>"; };
		263F5EBA27E29D0000B586A6 /* Info.plist */ = {isa = PBXFileReference; lastKnownFileType = text.plist.xml; path = Info.plist; sourceTree = "<group>"; };
		263F5EC027E29E1E00B586A6 /* CategoriesViewController.swift */ = {isa = PBXFileReference; lastKnownFileType = sourcecode.swift; path = CategoriesViewController.swift; sourceTree = "<group>"; };
		263F5EC227E29E2900B586A6 /* AboutViewController.swift */ = {isa = PBXFileReference; lastKnownFileType = sourcecode.swift; path = AboutViewController.swift; sourceTree = "<group>"; };
		263F5EC627E29F2300B586A6 /* MovieCollectionViewCell.swift */ = {isa = PBXFileReference; lastKnownFileType = sourcecode.swift; path = MovieCollectionViewCell.swift; sourceTree = "<group>"; };
		263F5EC727E29F2300B586A6 /* MovieCollectionViewCell.xib */ = {isa = PBXFileReference; lastKnownFileType = file.xib; path = MovieCollectionViewCell.xib; sourceTree = "<group>"; };
		F836C50627E2B17400CE5DD5 /* MovieTableViewCell.swift */ = {isa = PBXFileReference; lastKnownFileType = sourcecode.swift; path = MovieTableViewCell.swift; sourceTree = "<group>"; };
		F836C50727E2B17400CE5DD5 /* MovieTableViewCell.xib */ = {isa = PBXFileReference; lastKnownFileType = file.xib; path = MovieTableViewCell.xib; sourceTree = "<group>"; };
		F836C50B27E2B50600CE5DD5 /* Schedule.swift */ = {isa = PBXFileReference; lastKnownFileType = sourcecode.swift; path = Schedule.swift; sourceTree = "<group>"; };
		F87F592A27E2A7070071D9A9 /* Movie.swift */ = {isa = PBXFileReference; lastKnownFileType = sourcecode.swift; path = Movie.swift; sourceTree = "<group>"; };
/* End PBXFileReference section */

/* Begin PBXFrameworksBuildPhase section */
		263F5EA627E29CFE00B586A6 /* Frameworks */ = {
			isa = PBXFrameworksBuildPhase;
			buildActionMask = 2147483647;
			files = (
			);
			runOnlyForDeploymentPostprocessing = 0;
		};
/* End PBXFrameworksBuildPhase section */

/* Begin PBXGroup section */
		263F5EA027E29CFE00B586A6 = {
			isa = PBXGroup;
			children = (
				263F5EAB27E29CFE00B586A6 /* Desafio_Aula08 */,
				263F5EAA27E29CFE00B586A6 /* Products */,
			);
			sourceTree = "<group>";
		};
		263F5EAA27E29CFE00B586A6 /* Products */ = {
			isa = PBXGroup;
			children = (
				263F5EA927E29CFE00B586A6 /* Desafio_Aula08.app */,
			);
			name = Products;
			sourceTree = "<group>";
		};
		263F5EAB27E29CFE00B586A6 /* Desafio_Aula08 */ = {
			isa = PBXGroup;
			children = (
				F87F592927E2A6FA0071D9A9 /* Model */,
				263F5EC527E29EFA00B586A6 /* Cell */,
				263F5EAC27E29CFE00B586A6 /* AppDelegate.swift */,
				263F5EAE27E29CFE00B586A6 /* SceneDelegate.swift */,
				263F5EC427E29E4D00B586A6 /* Controllers */,
				263F5EB227E29CFE00B586A6 /* Main.storyboard */,
				F836C50A27E2B17900CE5DD5 /* TableviewCell */,
				263F5EB527E29D0000B586A6 /* Assets.xcassets */,
				263F5EB727E29D0000B586A6 /* LaunchScreen.storyboard */,
				263F5EBA27E29D0000B586A6 /* Info.plist */,
			);
			path = Desafio_Aula08;
			sourceTree = "<group>";
		};
		263F5EC427E29E4D00B586A6 /* Controllers */ = {
			isa = PBXGroup;
			children = (
				263F5EC227E29E2900B586A6 /* AboutViewController.swift */,
				263F5EB027E29CFE00B586A6 /* HomeViewController.swift */,
				263F5EC027E29E1E00B586A6 /* CategoriesViewController.swift */,
			);
			path = Controllers;
			sourceTree = "<group>";
		};
		263F5EC527E29EFA00B586A6 /* Cell */ = {
			isa = PBXGroup;
			children = (
				263F5EC627E29F2300B586A6 /* MovieCollectionViewCell.swift */,
				263F5EC727E29F2300B586A6 /* MovieCollectionViewCell.xib */,
			);
			path = Cell;
			sourceTree = "<group>";
		};
		F836C50A27E2B17900CE5DD5 /* TableviewCell */ = {
			isa = PBXGroup;
			children = (
				F836C50627E2B17400CE5DD5 /* MovieTableViewCell.swift */,
				F836C50727E2B17400CE5DD5 /* MovieTableViewCell.xib */,
			);
			path = TableviewCell;
			sourceTree = "<group>";
		};
		F87F592927E2A6FA0071D9A9 /* Model */ = {
			isa = PBXGroup;
			children = (
				F87F592A27E2A7070071D9A9 /* Movie.swift */,
				F836C50B27E2B50600CE5DD5 /* Schedule.swift */,
			);
			path = Model;
			sourceTree = "<group>";
		};
/* End PBXGroup section */

/* Begin PBXNativeTarget section */
		263F5EA827E29CFE00B586A6 /* Desafio_Aula08 */ = {
			isa = PBXNativeTarget;
			buildConfigurationList = 263F5EBD27E29D0000B586A6 /* Build configuration list for PBXNativeTarget "Desafio_Aula08" */;
			buildPhases = (
				263F5EA527E29CFE00B586A6 /* Sources */,
				263F5EA627E29CFE00B586A6 /* Frameworks */,
				263F5EA727E29CFE00B586A6 /* Resources */,
			);
			buildRules = (
			);
			dependencies = (
			);
			name = Desafio_Aula08;
			productName = Desafio_Aula08;
			productReference = 263F5EA927E29CFE00B586A6 /* Desafio_Aula08.app */;
			productType = "com.apple.product-type.application";
		};
/* End PBXNativeTarget section */

/* Begin PBXProject section */
		263F5EA127E29CFE00B586A6 /* Project object */ = {
			isa = PBXProject;
			attributes = {
				BuildIndependentTargetsInParallel = 1;
				LastSwiftUpdateCheck = 1320;
				LastUpgradeCheck = 1320;
				TargetAttributes = {
					263F5EA827E29CFE00B586A6 = {
						CreatedOnToolsVersion = 13.2.1;
					};
				};
			};
			buildConfigurationList = 263F5EA427E29CFE00B586A6 /* Build configuration list for PBXProject "Desafio_Aula08" */;
			compatibilityVersion = "Xcode 13.0";
			developmentRegion = en;
			hasScannedForEncodings = 0;
			knownRegions = (
				en,
				Base,
			);
			mainGroup = 263F5EA027E29CFE00B586A6;
			productRefGroup = 263F5EAA27E29CFE00B586A6 /* Products */;
			projectDirPath = "";
			projectRoot = "";
			targets = (
				263F5EA827E29CFE00B586A6 /* Desafio_Aula08 */,
			);
		};
/* End PBXProject section */

/* Begin PBXResourcesBuildPhase section */
		263F5EA727E29CFE00B586A6 /* Resources */ = {
			isa = PBXResourcesBuildPhase;
			buildActionMask = 2147483647;
			files = (
				263F5EB927E29D0000B586A6 /* LaunchScreen.storyboard in Resources */,
				F836C50927E2B17400CE5DD5 /* MovieTableViewCell.xib in Resources */,
				263F5EB627E29D0000B586A6 /* Assets.xcassets in Resources */,
				263F5EB427E29CFE00B586A6 /* Main.storyboard in Resources */,
				263F5EC927E29F2300B586A6 /* MovieCollectionViewCell.xib in Resources */,
			);
			runOnlyForDeploymentPostprocessing = 0;
		};
/* End PBXResourcesBuildPhase section */

/* Begin PBXSourcesBuildPhase section */
		263F5EA527E29CFE00B586A6 /* Sources */ = {
			isa = PBXSourcesBuildPhase;
			buildActionMask = 2147483647;
			files = (
				F87F592B27E2A7070071D9A9 /* Movie.swift in Sources */,
				263F5EB127E29CFE00B586A6 /* HomeViewController.swift in Sources */,
				263F5EAD27E29CFE00B586A6 /* AppDelegate.swift in Sources */,
				F836C50C27E2B50600CE5DD5 /* Schedule.swift in Sources */,
				263F5EC127E29E1E00B586A6 /* CategoriesViewController.swift in Sources */,
				263F5EC827E29F2300B586A6 /* MovieCollectionViewCell.swift in Sources */,
				263F5EC327E29E2900B586A6 /* AboutViewController.swift in Sources */,
				F836C50827E2B17400CE5DD5 /* MovieTableViewCell.swift in Sources */,
				263F5EAF27E29CFE00B586A6 /* SceneDelegate.swift in Sources */,
			);
			runOnlyForDeploymentPostprocessing = 0;
		};
/* End PBXSourcesBuildPhase section */

/* Begin PBXVariantGroup section */
		263F5EB227E29CFE00B586A6 /* Main.storyboard */ = {
			isa = PBXVariantGroup;
			children = (
				263F5EB327E29CFE00B586A6 /* Base */,
			);
			name = Main.storyboard;
			sourceTree = "<group>";
		};
		263F5EB727E29D0000B586A6 /* LaunchScreen.storyboard */ = {
			isa = PBXVariantGroup;
			children = (
				263F5EB827E29D0000B586A6 /* Base */,
			);
			name = LaunchScreen.storyboard;
			sourceTree = "<group>";
		};
/* End PBXVariantGroup section */

/* Begin XCBuildConfiguration section */
		263F5EBB27E29D0000B586A6 /* Debug */ = {
			isa = XCBuildConfiguration;
			buildSettings = {
				ALWAYS_SEARCH_USER_PATHS = NO;
				CLANG_ANALYZER_NONNULL = YES;
				CLANG_ANALYZER_NUMBER_OBJECT_CONVERSION = YES_AGGRESSIVE;
				CLANG_CXX_LANGUAGE_STANDARD = "gnu++17";
				CLANG_CXX_LIBRARY = "libc++";
				CLANG_ENABLE_MODULES = YES;
				CLANG_ENABLE_OBJC_ARC = YES;
				CLANG_ENABLE_OBJC_WEAK = YES;
				CLANG_WARN_BLOCK_CAPTURE_AUTORELEASING = YES;
				CLANG_WARN_BOOL_CONVERSION = YES;
				CLANG_WARN_COMMA = YES;
				CLANG_WARN_CONSTANT_CONVERSION = YES;
				CLANG_WARN_DEPRECATED_OBJC_IMPLEMENTATIONS = YES;
				CLANG_WARN_DIRECT_OBJC_ISA_USAGE = YES_ERROR;
				CLANG_WARN_DOCUMENTATION_COMMENTS = YES;
				CLANG_WARN_EMPTY_BODY = YES;
				CLANG_WARN_ENUM_CONVERSION = YES;
				CLANG_WARN_INFINITE_RECURSION = YES;
				CLANG_WARN_INT_CONVERSION = YES;
				CLANG_WARN_NON_LITERAL_NULL_CONVERSION = YES;
				CLANG_WARN_OBJC_IMPLICIT_RETAIN_SELF = YES;
				CLANG_WARN_OBJC_LITERAL_CONVERSION = YES;
				CLANG_WARN_OBJC_ROOT_CLASS = YES_ERROR;
				CLANG_WARN_QUOTED_INCLUDE_IN_FRAMEWORK_HEADER = YES;
				CLANG_WARN_RANGE_LOOP_ANALYSIS = YES;
				CLANG_WARN_STRICT_PROTOTYPES = YES;
				CLANG_WARN_SUSPICIOUS_MOVE = YES;
				CLANG_WARN_UNGUARDED_AVAILABILITY = YES_AGGRESSIVE;
				CLANG_WARN_UNREACHABLE_CODE = YES;
				CLANG_WARN__DUPLICATE_METHOD_MATCH = YES;
				COPY_PHASE_STRIP = NO;
				DEBUG_INFORMATION_FORMAT = dwarf;
				ENABLE_STRICT_OBJC_MSGSEND = YES;
				ENABLE_TESTABILITY = YES;
				GCC_C_LANGUAGE_STANDARD = gnu11;
				GCC_DYNAMIC_NO_PIC = NO;
				GCC_NO_COMMON_BLOCKS = YES;
				GCC_OPTIMIZATION_LEVEL = 0;
				GCC_PREPROCESSOR_DEFINITIONS = (
					"DEBUG=1",
					"$(inherited)",
				);
				GCC_WARN_64_TO_32_BIT_CONVERSION = YES;
				GCC_WARN_ABOUT_RETURN_TYPE = YES_ERROR;
				GCC_WARN_UNDECLARED_SELECTOR = YES;
				GCC_WARN_UNINITIALIZED_AUTOS = YES_AGGRESSIVE;
				GCC_WARN_UNUSED_FUNCTION = YES;
				GCC_WARN_UNUSED_VARIABLE = YES;
				IPHONEOS_DEPLOYMENT_TARGET = 15.2;
				MTL_ENABLE_DEBUG_INFO = INCLUDE_SOURCE;
				MTL_FAST_MATH = YES;
				ONLY_ACTIVE_ARCH = YES;
				SDKROOT = iphoneos;
				SWIFT_ACTIVE_COMPILATION_CONDITIONS = DEBUG;
				SWIFT_OPTIMIZATION_LEVEL = "-Onone";
			};
			name = Debug;
		};
		263F5EBC27E29D0000B586A6 /* Release */ = {
			isa = XCBuildConfiguration;
			buildSettings = {
				ALWAYS_SEARCH_USER_PATHS = NO;
				CLANG_ANALYZER_NONNULL = YES;
				CLANG_ANALYZER_NUMBER_OBJECT_CONVERSION = YES_AGGRESSIVE;
				CLANG_CXX_LANGUAGE_STANDARD = "gnu++17";
				CLANG_CXX_LIBRARY = "libc++";
				CLANG_ENABLE_MODULES = YES;
				CLANG_ENABLE_OBJC_ARC = YES;
				CLANG_ENABLE_OBJC_WEAK = YES;
				CLANG_WARN_BLOCK_CAPTURE_AUTORELEASING = YES;
				CLANG_WARN_BOOL_CONVERSION = YES;
				CLANG_WARN_COMMA = YES;
				CLANG_WARN_CONSTANT_CONVERSION = YES;
				CLANG_WARN_DEPRECATED_OBJC_IMPLEMENTATIONS = YES;
				CLANG_WARN_DIRECT_OBJC_ISA_USAGE = YES_ERROR;
				CLANG_WARN_DOCUMENTATION_COMMENTS = YES;
				CLANG_WARN_EMPTY_BODY = YES;
				CLANG_WARN_ENUM_CONVERSION = YES;
				CLANG_WARN_INFINITE_RECURSION = YES;
				CLANG_WARN_INT_CONVERSION = YES;
				CLANG_WARN_NON_LITERAL_NULL_CONVERSION = YES;
				CLANG_WARN_OBJC_IMPLICIT_RETAIN_SELF = YES;
				CLANG_WARN_OBJC_LITERAL_CONVERSION = YES;
				CLANG_WARN_OBJC_ROOT_CLASS = YES_ERROR;
				CLANG_WARN_QUOTED_INCLUDE_IN_FRAMEWORK_HEADER = YES;
				CLANG_WARN_RANGE_LOOP_ANALYSIS = YES;
				CLANG_WARN_STRICT_PROTOTYPES = YES;
				CLANG_WARN_SUSPICIOUS_MOVE = YES;
				CLANG_WARN_UNGUARDED_AVAILABILITY = YES_AGGRESSIVE;
				CLANG_WARN_UNREACHABLE_CODE = YES;
				CLANG_WARN__DUPLICATE_METHOD_MATCH = YES;
				COPY_PHASE_STRIP = NO;
				DEBUG_INFORMATION_FORMAT = "dwarf-with-dsym";
				ENABLE_NS_ASSERTIONS = NO;
				ENABLE_STRICT_OBJC_MSGSEND = YES;
				GCC_C_LANGUAGE_STANDARD = gnu11;
				GCC_NO_COMMON_BLOCKS = YES;
				GCC_WARN_64_TO_32_BIT_CONVERSION = YES;
				GCC_WARN_ABOUT_RETURN_TYPE = YES_ERROR;
				GCC_WARN_UNDECLARED_SELECTOR = YES;
				GCC_WARN_UNINITIALIZED_AUTOS = YES_AGGRESSIVE;
				GCC_WARN_UNUSED_FUNCTION = YES;
				GCC_WARN_UNUSED_VARIABLE = YES;
				IPHONEOS_DEPLOYMENT_TARGET = 15.2;
				MTL_ENABLE_DEBUG_INFO = NO;
				MTL_FAST_MATH = YES;
				SDKROOT = iphoneos;
				SWIFT_COMPILATION_MODE = wholemodule;
				SWIFT_OPTIMIZATION_LEVEL = "-O";
				VALIDATE_PRODUCT = YES;
			};
			name = Release;
		};
		263F5EBE27E29D0000B586A6 /* Debug */ = {
			isa = XCBuildConfiguration;
			buildSettings = {
				ASSETCATALOG_COMPILER_APPICON_NAME = AppIcon;
				ASSETCATALOG_COMPILER_GLOBAL_ACCENT_COLOR_NAME = AccentColor;
				ASSETCATALOG_COMPILER_INCLUDE_ALL_APPICON_ASSETS = YES;
				CODE_SIGN_STYLE = Automatic;
				CURRENT_PROJECT_VERSION = 1;
				DEVELOPMENT_TEAM = W5N48362H7;
				GENERATE_INFOPLIST_FILE = YES;
				INFOPLIST_FILE = Desafio_Aula08/Info.plist;
				INFOPLIST_KEY_UIApplicationSupportsIndirectInputEvents = YES;
				INFOPLIST_KEY_UILaunchStoryboardName = LaunchScreen;
				INFOPLIST_KEY_UIMainStoryboardFile = Main;
				INFOPLIST_KEY_UISupportedInterfaceOrientations = UIInterfaceOrientationPortrait;
				INFOPLIST_KEY_UISupportedInterfaceOrientations_iPad = "UIInterfaceOrientationPortrait UIInterfaceOrientationPortraitUpsideDown UIInterfaceOrientationLandscapeLeft UIInterfaceOrientationLandscapeRight";
				INFOPLIST_KEY_UISupportedInterfaceOrientations_iPhone = "UIInterfaceOrientationPortrait UIInterfaceOrientationLandscapeLeft UIInterfaceOrientationLandscapeRight";
				LD_RUNPATH_SEARCH_PATHS = (
					"$(inherited)",
					"@executable_path/Frameworks",
				);
				MARKETING_VERSION = 1.0;
				PRODUCT_BUNDLE_IDENTIFIER = "com.williamdsk.Desafio-Aula08";
				PRODUCT_NAME = "$(TARGET_NAME)";
				SWIFT_EMIT_LOC_STRINGS = YES;
				SWIFT_VERSION = 5.0;
				TARGETED_DEVICE_FAMILY = 1;
			};
			name = Debug;
		};
		263F5EBF27E29D0000B586A6 /* Release */ = {
			isa = XCBuildConfiguration;
			buildSettings = {
				ASSETCATALOG_COMPILER_APPICON_NAME = AppIcon;
				ASSETCATALOG_COMPILER_GLOBAL_ACCENT_COLOR_NAME = AccentColor;
				ASSETCATALOG_COMPILER_INCLUDE_ALL_APPICON_ASSETS = YES;
				CODE_SIGN_STYLE = Automatic;
				CURRENT_PROJECT_VERSION = 1;
				DEVELOPMENT_TEAM = W5N48362H7;
				GENERATE_INFOPLIST_FILE = YES;
				INFOPLIST_FILE = Desafio_Aula08/Info.plist;
				INFOPLIST_KEY_UIApplicationSupportsIndirectInputEvents = YES;
				INFOPLIST_KEY_UILaunchStoryboardName = LaunchScreen;
				INFOPLIST_KEY_UIMainStoryboardFile = Main;
				INFOPLIST_KEY_UISupportedInterfaceOrientations = UIInterfaceOrientationPortrait;
				INFOPLIST_KEY_UISupportedInterfaceOrientations_iPad = "UIInterfaceOrientationPortrait UIInterfaceOrientationPortraitUpsideDown UIInterfaceOrientationLandscapeLeft UIInterfaceOrientationLandscapeRight";
				INFOPLIST_KEY_UISupportedInterfaceOrientations_iPhone = "UIInterfaceOrientationPortrait UIInterfaceOrientationLandscapeLeft UIInterfaceOrientationLandscapeRight";
				LD_RUNPATH_SEARCH_PATHS = (
					"$(inherited)",
					"@executable_path/Frameworks",
				);
				MARKETING_VERSION = 1.0;
				PRODUCT_BUNDLE_IDENTIFIER = "com.williamdsk.Desafio-Aula08";
				PRODUCT_NAME = "$(TARGET_NAME)";
				SWIFT_EMIT_LOC_STRINGS = YES;
				SWIFT_VERSION = 5.0;
				TARGETED_DEVICE_FAMILY = 1;
			};
			name = Release;
		};
/* End XCBuildConfiguration section */

/* Begin XCConfigurationList section */
		263F5EA427E29CFE00B586A6 /* Build configuration list for PBXProject "Desafio_Aula08" */ = {
			isa = XCConfigurationList;
			buildConfigurations = (
				263F5EBB27E29D0000B586A6 /* Debug */,
				263F5EBC27E29D0000B586A6 /* Release */,
			);
			defaultConfigurationIsVisible = 0;
			defaultConfigurationName = Release;
		};
		263F5EBD27E29D0000B586A6 /* Build configuration list for PBXNativeTarget "Desafio_Aula08" */ = {
			isa = XCConfigurationList;
			buildConfigurations = (
				263F5EBE27E29D0000B586A6 /* Debug */,
				263F5EBF27E29D0000B586A6 /* Release */,
			);
			defaultConfigurationIsVisible = 0;
			defaultConfigurationName = Release;
		};
/* End XCConfigurationList section */
	};
	rootObject = 263F5EA127E29CFE00B586A6 /* Project object */;
}
