// !$*UTF8*$!
{
	archiveVersion = 1;
	classes = {
	};
	objectVersion = 55;
	objects = {

/* Begin PBXBuildFile section */
		2646181727E014D400C213E9 /* AppDelegate.swift in Sources */ = {isa = PBXBuildFile; fileRef = 2646181627E014D400C213E9 /* AppDelegate.swift */; };
		2646181927E014D400C213E9 /* SceneDelegate.swift in Sources */ = {isa = PBXBuildFile; fileRef = 2646181827E014D400C213E9 /* SceneDelegate.swift */; };
		2646181B27E014D400C213E9 /* ViewController.swift in Sources */ = {isa = PBXBuildFile; fileRef = 2646181A27E014D400C213E9 /* ViewController.swift */; };
		2646181E27E014D400C213E9 /* Main.storyboard in Resources */ = {isa = PBXBuildFile; fileRef = 2646181C27E014D400C213E9 /* Main.storyboard */; };
		2646182027E014D500C213E9 /* Assets.xcassets in Resources */ = {isa = PBXBuildFile; fileRef = 2646181F27E014D500C213E9 /* Assets.xcassets */; };
		2646182327E014D500C213E9 /* LaunchScreen.storyboard in Resources */ = {isa = PBXBuildFile; fileRef = 2646182127E014D500C213E9 /* LaunchScreen.storyboard */; };
		2646182B27E0168600C213E9 /* Datasource.swift in Sources */ = {isa = PBXBuildFile; fileRef = 2646182A27E0168600C213E9 /* Datasource.swift */; };
		2646182D27E016A600C213E9 /* Car.swift in Sources */ = {isa = PBXBuildFile; fileRef = 2646182C27E016A600C213E9 /* Car.swift */; };
		2646183127E0197B00C213E9 /* CustomCollectionViewCell.swift in Sources */ = {isa = PBXBuildFile; fileRef = 2646182F27E0197B00C213E9 /* CustomCollectionViewCell.swift */; };
		2646183227E0197B00C213E9 /* CustomCollectionViewCell.xib in Resources */ = {isa = PBXBuildFile; fileRef = 2646183027E0197B00C213E9 /* CustomCollectionViewCell.xib */; };
		2646183627E0359900C213E9 /* SpecificationTableViewCell.swift in Sources */ = {isa = PBXBuildFile; fileRef = 2646183527E0359900C213E9 /* SpecificationTableViewCell.swift */; };
/* End PBXBuildFile section */

/* Begin PBXFileReference section */
		2646181327E014D400C213E9 /* Desafio_Aula06_01.app */ = {isa = PBXFileReference; explicitFileType = wrapper.application; includeInIndex = 0; path = Desafio_Aula06_01.app; sourceTree = BUILT_PRODUCTS_DIR; };
		2646181627E014D400C213E9 /* AppDelegate.swift */ = {isa = PBXFileReference; lastKnownFileType = sourcecode.swift; path = AppDelegate.swift; sourceTree = "<group>"; };
		2646181827E014D400C213E9 /* SceneDelegate.swift */ = {isa = PBXFileReference; lastKnownFileType = sourcecode.swift; path = SceneDelegate.swift; sourceTree = "<group>"; };
		2646181A27E014D400C213E9 /* ViewController.swift */ = {isa = PBXFileReference; lastKnownFileType = sourcecode.swift; path = ViewController.swift; sourceTree = "<group>"; };
		2646181D27E014D400C213E9 /* Base */ = {isa = PBXFileReference; lastKnownFileType = file.storyboard; name = Base; path = Base.lproj/Main.storyboard; sourceTree = "<group>"; };
		2646181F27E014D500C213E9 /* Assets.xcassets */ = {isa = PBXFileReference; lastKnownFileType = folder.assetcatalog; path = Assets.xcassets; sourceTree = "<group>"; };
		2646182227E014D500C213E9 /* Base */ = {isa = PBXFileReference; lastKnownFileType = file.storyboard; name = Base; path = Base.lproj/LaunchScreen.storyboard; sourceTree = "<group>"; };
		2646182427E014D500C213E9 /* Info.plist */ = {isa = PBXFileReference; lastKnownFileType = text.plist.xml; path = Info.plist; sourceTree = "<group>"; };
		2646182A27E0168600C213E9 /* Datasource.swift */ = {isa = PBXFileReference; lastKnownFileType = sourcecode.swift; path = Datasource.swift; sourceTree = "<group>"; };
		2646182C27E016A600C213E9 /* Car.swift */ = {isa = PBXFileReference; lastKnownFileType = sourcecode.swift; path = Car.swift; sourceTree = "<group>"; };
		2646182F27E0197B00C213E9 /* CustomCollectionViewCell.swift */ = {isa = PBXFileReference; lastKnownFileType = sourcecode.swift; path = CustomCollectionViewCell.swift; sourceTree = "<group>"; };
		2646183027E0197B00C213E9 /* CustomCollectionViewCell.xib */ = {isa = PBXFileReference; lastKnownFileType = file.xib; path = CustomCollectionViewCell.xib; sourceTree = "<group>"; };
		2646183527E0359900C213E9 /* SpecificationTableViewCell.swift */ = {isa = PBXFileReference; lastKnownFileType = sourcecode.swift; path = SpecificationTableViewCell.swift; sourceTree = "<group>"; };
/* End PBXFileReference section */

/* Begin PBXFrameworksBuildPhase section */
		2646181027E014D300C213E9 /* Frameworks */ = {
			isa = PBXFrameworksBuildPhase;
			buildActionMask = 2147483647;
			files = (
			);
			runOnlyForDeploymentPostprocessing = 0;
		};
/* End PBXFrameworksBuildPhase section */

/* Begin PBXGroup section */
		2646180A27E014D300C213E9 = {
			isa = PBXGroup;
			children = (
				2646181527E014D400C213E9 /* Desafio_Aula06_01 */,
				2646181427E014D400C213E9 /* Products */,
			);
			sourceTree = "<group>";
		};
		2646181427E014D400C213E9 /* Products */ = {
			isa = PBXGroup;
			children = (
				2646181327E014D400C213E9 /* Desafio_Aula06_01.app */,
			);
			name = Products;
			sourceTree = "<group>";
		};
		2646181527E014D400C213E9 /* Desafio_Aula06_01 */ = {
			isa = PBXGroup;
			children = (
				2646182E27E0196500C213E9 /* Cell */,
				2646181627E014D400C213E9 /* AppDelegate.swift */,
				2646181827E014D400C213E9 /* SceneDelegate.swift */,
				2646181A27E014D400C213E9 /* ViewController.swift */,
				2646181C27E014D400C213E9 /* Main.storyboard */,
				2646181F27E014D500C213E9 /* Assets.xcassets */,
				2646182127E014D500C213E9 /* LaunchScreen.storyboard */,
				2646182427E014D500C213E9 /* Info.plist */,
				2646183427E032DD00C213E9 /* Datasource */,
				2646183327E032CE00C213E9 /* Model */,
			);
			path = Desafio_Aula06_01;
			sourceTree = "<group>";
		};
		2646182E27E0196500C213E9 /* Cell */ = {
			isa = PBXGroup;
			children = (
				2646183527E0359900C213E9 /* SpecificationTableViewCell.swift */,
				2646182F27E0197B00C213E9 /* CustomCollectionViewCell.swift */,
				2646183027E0197B00C213E9 /* CustomCollectionViewCell.xib */,
			);
			path = Cell;
			sourceTree = "<group>";
		};
		2646183327E032CE00C213E9 /* Model */ = {
			isa = PBXGroup;
			children = (
				2646182C27E016A600C213E9 /* Car.swift */,
			);
			path = Model;
			sourceTree = "<group>";
		};
		2646183427E032DD00C213E9 /* Datasource */ = {
			isa = PBXGroup;
			children = (
				2646182A27E0168600C213E9 /* Datasource.swift */,
			);
			path = Datasource;
			sourceTree = "<group>";
		};
/* End PBXGroup section */

/* Begin PBXNativeTarget section */
		2646181227E014D300C213E9 /* Desafio_Aula06_01 */ = {
			isa = PBXNativeTarget;
			buildConfigurationList = 2646182727E014D500C213E9 /* Build configuration list for PBXNativeTarget "Desafio_Aula06_01" */;
			buildPhases = (
				2646180F27E014D300C213E9 /* Sources */,
				2646181027E014D300C213E9 /* Frameworks */,
				2646181127E014D300C213E9 /* Resources */,
			);
			buildRules = (
			);
			dependencies = (
			);
			name = Desafio_Aula06_01;
			productName = Desafio_Aula06_01;
			productReference = 2646181327E014D400C213E9 /* Desafio_Aula06_01.app */;
			productType = "com.apple.product-type.application";
		};
/* End PBXNativeTarget section */

/* Begin PBXProject section */
		2646180B27E014D300C213E9 /* Project object */ = {
			isa = PBXProject;
			attributes = {
				BuildIndependentTargetsInParallel = 1;
				LastSwiftUpdateCheck = 1320;
				LastUpgradeCheck = 1320;
				TargetAttributes = {
					2646181227E014D300C213E9 = {
						CreatedOnToolsVersion = 13.2.1;
					};
				};
			};
			buildConfigurationList = 2646180E27E014D300C213E9 /* Build configuration list for PBXProject "Desafio_Aula06_01" */;
			compatibilityVersion = "Xcode 13.0";
			developmentRegion = en;
			hasScannedForEncodings = 0;
			knownRegions = (
				en,
				Base,
			);
			mainGroup = 2646180A27E014D300C213E9;
			productRefGroup = 2646181427E014D400C213E9 /* Products */;
			projectDirPath = "";
			projectRoot = "";
			targets = (
				2646181227E014D300C213E9 /* Desafio_Aula06_01 */,
			);
		};
/* End PBXProject section */

/* Begin PBXResourcesBuildPhase section */
		2646181127E014D300C213E9 /* Resources */ = {
			isa = PBXResourcesBuildPhase;
			buildActionMask = 2147483647;
			files = (
				2646182327E014D500C213E9 /* LaunchScreen.storyboard in Resources */,
				2646182027E014D500C213E9 /* Assets.xcassets in Resources */,
				2646181E27E014D400C213E9 /* Main.storyboard in Resources */,
				2646183227E0197B00C213E9 /* CustomCollectionViewCell.xib in Resources */,
			);
			runOnlyForDeploymentPostprocessing = 0;
		};
/* End PBXResourcesBuildPhase section */

/* Begin PBXSourcesBuildPhase section */
		2646180F27E014D300C213E9 /* Sources */ = {
			isa = PBXSourcesBuildPhase;
			buildActionMask = 2147483647;
			files = (
				2646181B27E014D400C213E9 /* ViewController.swift in Sources */,
				2646183127E0197B00C213E9 /* CustomCollectionViewCell.swift in Sources */,
				2646183627E0359900C213E9 /* SpecificationTableViewCell.swift in Sources */,
				2646181727E014D400C213E9 /* AppDelegate.swift in Sources */,
				2646182D27E016A600C213E9 /* Car.swift in Sources */,
				2646182B27E0168600C213E9 /* Datasource.swift in Sources */,
				2646181927E014D400C213E9 /* SceneDelegate.swift in Sources */,
			);
			runOnlyForDeploymentPostprocessing = 0;
		};
/* End PBXSourcesBuildPhase section */

/* Begin PBXVariantGroup section */
		2646181C27E014D400C213E9 /* Main.storyboard */ = {
			isa = PBXVariantGroup;
			children = (
				2646181D27E014D400C213E9 /* Base */,
			);
			name = Main.storyboard;
			sourceTree = "<group>";
		};
		2646182127E014D500C213E9 /* LaunchScreen.storyboard */ = {
			isa = PBXVariantGroup;
			children = (
				2646182227E014D500C213E9 /* Base */,
			);
			name = LaunchScreen.storyboard;
			sourceTree = "<group>";
		};
/* End PBXVariantGroup section */

/* Begin XCBuildConfiguration section */
		2646182527E014D500C213E9 /* Debug */ = {
			isa = XCBuildConfiguration;
			buildSettings = {
				ALWAYS_SEARCH_USER_PATHS = NO;
				CLANG_ANALYZER_NONNULL = YES;
				CLANG_ANALYZER_NUMBER_OBJECT_CONVERSION = YES_AGGRESSIVE;
				CLANG_CXX_LANGUAGE_STANDARD = "gnu++17";
				CLANG_CXX_LIBRARY = "libc++";
				CLANG_ENABLE_MODULES = YES;
				CLANG_ENABLE_OBJC_ARC = YES;
				CLANG_ENABLE_OBJC_WEAK = YES;
				CLANG_WARN_BLOCK_CAPTURE_AUTORELEASING = YES;
				CLANG_WARN_BOOL_CONVERSION = YES;
				CLANG_WARN_COMMA = YES;
				CLANG_WARN_CONSTANT_CONVERSION = YES;
				CLANG_WARN_DEPRECATED_OBJC_IMPLEMENTATIONS = YES;
				CLANG_WARN_DIRECT_OBJC_ISA_USAGE = YES_ERROR;
				CLANG_WARN_DOCUMENTATION_COMMENTS = YES;
				CLANG_WARN_EMPTY_BODY = YES;
				CLANG_WARN_ENUM_CONVERSION = YES;
				CLANG_WARN_INFINITE_RECURSION = YES;
				CLANG_WARN_INT_CONVERSION = YES;
				CLANG_WARN_NON_LITERAL_NULL_CONVERSION = YES;
				CLANG_WARN_OBJC_IMPLICIT_RETAIN_SELF = YES;
				CLANG_WARN_OBJC_LITERAL_CONVERSION = YES;
				CLANG_WARN_OBJC_ROOT_CLASS = YES_ERROR;
				CLANG_WARN_QUOTED_INCLUDE_IN_FRAMEWORK_HEADER = YES;
				CLANG_WARN_RANGE_LOOP_ANALYSIS = YES;
				CLANG_WARN_STRICT_PROTOTYPES = YES;
				CLANG_WARN_SUSPICIOUS_MOVE = YES;
				CLANG_WARN_UNGUARDED_AVAILABILITY = YES_AGGRESSIVE;
				CLANG_WARN_UNREACHABLE_CODE = YES;
				CLANG_WARN__DUPLICATE_METHOD_MATCH = YES;
				COPY_PHASE_STRIP = NO;
				DEBUG_INFORMATION_FORMAT = dwarf;
				ENABLE_STRICT_OBJC_MSGSEND = YES;
				ENABLE_TESTABILITY = YES;
				GCC_C_LANGUAGE_STANDARD = gnu11;
				GCC_DYNAMIC_NO_PIC = NO;
				GCC_NO_COMMON_BLOCKS = YES;
				GCC_OPTIMIZATION_LEVEL = 0;
				GCC_PREPROCESSOR_DEFINITIONS = (
					"DEBUG=1",
					"$(inherited)",
				);
				GCC_WARN_64_TO_32_BIT_CONVERSION = YES;
				GCC_WARN_ABOUT_RETURN_TYPE = YES_ERROR;
				GCC_WARN_UNDECLARED_SELECTOR = YES;
				GCC_WARN_UNINITIALIZED_AUTOS = YES_AGGRESSIVE;
				GCC_WARN_UNUSED_FUNCTION = YES;
				GCC_WARN_UNUSED_VARIABLE = YES;
				IPHONEOS_DEPLOYMENT_TARGET = 15.2;
				MTL_ENABLE_DEBUG_INFO = INCLUDE_SOURCE;
				MTL_FAST_MATH = YES;
				ONLY_ACTIVE_ARCH = YES;
				SDKROOT = iphoneos;
				SWIFT_ACTIVE_COMPILATION_CONDITIONS = DEBUG;
				SWIFT_OPTIMIZATION_LEVEL = "-Onone";
			};
			name = Debug;
		};
		2646182627E014D500C213E9 /* Release */ = {
			isa = XCBuildConfiguration;
			buildSettings = {
				ALWAYS_SEARCH_USER_PATHS = NO;
				CLANG_ANALYZER_NONNULL = YES;
				CLANG_ANALYZER_NUMBER_OBJECT_CONVERSION = YES_AGGRESSIVE;
				CLANG_CXX_LANGUAGE_STANDARD = "gnu++17";
				CLANG_CXX_LIBRARY = "libc++";
				CLANG_ENABLE_MODULES = YES;
				CLANG_ENABLE_OBJC_ARC = YES;
				CLANG_ENABLE_OBJC_WEAK = YES;
				CLANG_WARN_BLOCK_CAPTURE_AUTORELEASING = YES;
				CLANG_WARN_BOOL_CONVERSION = YES;
				CLANG_WARN_COMMA = YES;
				CLANG_WARN_CONSTANT_CONVERSION = YES;
				CLANG_WARN_DEPRECATED_OBJC_IMPLEMENTATIONS = YES;
				CLANG_WARN_DIRECT_OBJC_ISA_USAGE = YES_ERROR;
				CLANG_WARN_DOCUMENTATION_COMMENTS = YES;
				CLANG_WARN_EMPTY_BODY = YES;
				CLANG_WARN_ENUM_CONVERSION = YES;
				CLANG_WARN_INFINITE_RECURSION = YES;
				CLANG_WARN_INT_CONVERSION = YES;
				CLANG_WARN_NON_LITERAL_NULL_CONVERSION = YES;
				CLANG_WARN_OBJC_IMPLICIT_RETAIN_SELF = YES;
				CLANG_WARN_OBJC_LITERAL_CONVERSION = YES;
				CLANG_WARN_OBJC_ROOT_CLASS = YES_ERROR;
				CLANG_WARN_QUOTED_INCLUDE_IN_FRAMEWORK_HEADER = YES;
				CLANG_WARN_RANGE_LOOP_ANALYSIS = YES;
				CLANG_WARN_STRICT_PROTOTYPES = YES;
				CLANG_WARN_SUSPICIOUS_MOVE = YES;
				CLANG_WARN_UNGUARDED_AVAILABILITY = YES_AGGRESSIVE;
				CLANG_WARN_UNREACHABLE_CODE = YES;
				CLANG_WARN__DUPLICATE_METHOD_MATCH = YES;
				COPY_PHASE_STRIP = NO;
				DEBUG_INFORMATION_FORMAT = "dwarf-with-dsym";
				ENABLE_NS_ASSERTIONS = NO;
				ENABLE_STRICT_OBJC_MSGSEND = YES;
				GCC_C_LANGUAGE_STANDARD = gnu11;
				GCC_NO_COMMON_BLOCKS = YES;
				GCC_WARN_64_TO_32_BIT_CONVERSION = YES;
				GCC_WARN_ABOUT_RETURN_TYPE = YES_ERROR;
				GCC_WARN_UNDECLARED_SELECTOR = YES;
				GCC_WARN_UNINITIALIZED_AUTOS = YES_AGGRESSIVE;
				GCC_WARN_UNUSED_FUNCTION = YES;
				GCC_WARN_UNUSED_VARIABLE = YES;
				IPHONEOS_DEPLOYMENT_TARGET = 15.2;
				MTL_ENABLE_DEBUG_INFO = NO;
				MTL_FAST_MATH = YES;
				SDKROOT = iphoneos;
				SWIFT_COMPILATION_MODE = wholemodule;
				SWIFT_OPTIMIZATION_LEVEL = "-O";
				VALIDATE_PRODUCT = YES;
			};
			name = Release;
		};
		2646182827E014D500C213E9 /* Debug */ = {
			isa = XCBuildConfiguration;
			buildSettings = {
				ASSETCATALOG_COMPILER_APPICON_NAME = AppIcon;
				ASSETCATALOG_COMPILER_GLOBAL_ACCENT_COLOR_NAME = AccentColor;
				CODE_SIGN_STYLE = Automatic;
				CURRENT_PROJECT_VERSION = 1;
				DEVELOPMENT_TEAM = W5N48362H7;
				GENERATE_INFOPLIST_FILE = YES;
				INFOPLIST_FILE = Desafio_Aula06_01/Info.plist;
				INFOPLIST_KEY_UIApplicationSupportsIndirectInputEvents = YES;
				INFOPLIST_KEY_UILaunchStoryboardName = LaunchScreen;
				INFOPLIST_KEY_UIMainStoryboardFile = Main;
				INFOPLIST_KEY_UISupportedInterfaceOrientations = UIInterfaceOrientationPortrait;
				INFOPLIST_KEY_UISupportedInterfaceOrientations_iPad = "UIInterfaceOrientationPortrait UIInterfaceOrientationPortraitUpsideDown UIInterfaceOrientationLandscapeLeft UIInterfaceOrientationLandscapeRight";
				INFOPLIST_KEY_UISupportedInterfaceOrientations_iPhone = "UIInterfaceOrientationPortrait UIInterfaceOrientationLandscapeLeft UIInterfaceOrientationLandscapeRight";
				LD_RUNPATH_SEARCH_PATHS = (
					"$(inherited)",
					"@executable_path/Frameworks",
				);
				MARKETING_VERSION = 1.0;
				PRODUCT_BUNDLE_IDENTIFIER = "com.williamdsk.Desafio-Aula06-01";
				PRODUCT_NAME = "$(TARGET_NAME)";
				SWIFT_EMIT_LOC_STRINGS = YES;
				SWIFT_VERSION = 5.0;
				TARGETED_DEVICE_FAMILY = 1;
			};
			name = Debug;
		};
		2646182927E014D500C213E9 /* Release */ = {
			isa = XCBuildConfiguration;
			buildSettings = {
				ASSETCATALOG_COMPILER_APPICON_NAME = AppIcon;
				ASSETCATALOG_COMPILER_GLOBAL_ACCENT_COLOR_NAME = AccentColor;
				CODE_SIGN_STYLE = Automatic;
				CURRENT_PROJECT_VERSION = 1;
				DEVELOPMENT_TEAM = W5N48362H7;
				GENERATE_INFOPLIST_FILE = YES;
				INFOPLIST_FILE = Desafio_Aula06_01/Info.plist;
				INFOPLIST_KEY_UIApplicationSupportsIndirectInputEvents = YES;
				INFOPLIST_KEY_UILaunchStoryboardName = LaunchScreen;
				INFOPLIST_KEY_UIMainStoryboardFile = Main;
				INFOPLIST_KEY_UISupportedInterfaceOrientations = UIInterfaceOrientationPortrait;
				INFOPLIST_KEY_UISupportedInterfaceOrientations_iPad = "UIInterfaceOrientationPortrait UIInterfaceOrientationPortraitUpsideDown UIInterfaceOrientationLandscapeLeft UIInterfaceOrientationLandscapeRight";
				INFOPLIST_KEY_UISupportedInterfaceOrientations_iPhone = "UIInterfaceOrientationPortrait UIInterfaceOrientationLandscapeLeft UIInterfaceOrientationLandscapeRight";
				LD_RUNPATH_SEARCH_PATHS = (
					"$(inherited)",
					"@executable_path/Frameworks",
				);
				MARKETING_VERSION = 1.0;
				PRODUCT_BUNDLE_IDENTIFIER = "com.williamdsk.Desafio-Aula06-01";
				PRODUCT_NAME = "$(TARGET_NAME)";
				SWIFT_EMIT_LOC_STRINGS = YES;
				SWIFT_VERSION = 5.0;
				TARGETED_DEVICE_FAMILY = 1;
			};
			name = Release;
		};
/* End XCBuildConfiguration section */

/* Begin XCConfigurationList section */
		2646180E27E014D300C213E9 /* Build configuration list for PBXProject "Desafio_Aula06_01" */ = {
			isa = XCConfigurationList;
			buildConfigurations = (
				2646182527E014D500C213E9 /* Debug */,
				2646182627E014D500C213E9 /* Release */,
			);
			defaultConfigurationIsVisible = 0;
			defaultConfigurationName = Release;
		};
		2646182727E014D500C213E9 /* Build configuration list for PBXNativeTarget "Desafio_Aula06_01" */ = {
			isa = XCConfigurationList;
			buildConfigurations = (
				2646182827E014D500C213E9 /* Debug */,
				2646182927E014D500C213E9 /* Release */,
			);
			defaultConfigurationIsVisible = 0;
			defaultConfigurationName = Release;
		};
/* End XCConfigurationList section */
	};
	rootObject = 2646180B27E014D300C213E9 /* Project object */;
}
