// !$*UTF8*$!
{
	archiveVersion = 1;
	classes = {
	};
	objectVersion = 55;
	objects = {

/* Begin PBXBuildFile section */
		262567E727E55013009BA1C5 /* AppDelegate.swift in Sources */ = {isa = PBXBuildFile; fileRef = 262567E627E55013009BA1C5 /* AppDelegate.swift */; };
		262567E927E55013009BA1C5 /* SceneDelegate.swift in Sources */ = {isa = PBXBuildFile; fileRef = 262567E827E55013009BA1C5 /* SceneDelegate.swift */; };
		262567EB27E55013009BA1C5 /* ViewController.swift in Sources */ = {isa = PBXBuildFile; fileRef = 262567EA27E55013009BA1C5 /* ViewController.swift */; };
		262567EE27E55013009BA1C5 /* Main.storyboard in Resources */ = {isa = PBXBuildFile; fileRef = 262567EC27E55013009BA1C5 /* Main.storyboard */; };
		262567F127E55013009BA1C5 /* AppNetworking.xcdatamodeld in Sources */ = {isa = PBXBuildFile; fileRef = 262567EF27E55013009BA1C5 /* AppNetworking.xcdatamodeld */; };
		262567F327E55014009BA1C5 /* Assets.xcassets in Resources */ = {isa = PBXBuildFile; fileRef = 262567F227E55014009BA1C5 /* Assets.xcassets */; };
		262567F627E55014009BA1C5 /* LaunchScreen.storyboard in Resources */ = {isa = PBXBuildFile; fileRef = 262567F427E55014009BA1C5 /* LaunchScreen.storyboard */; };
		262567FE27E5503C009BA1C5 /* mock.swift in Sources */ = {isa = PBXBuildFile; fileRef = 262567FD27E5503C009BA1C5 /* mock.swift */; };
		2625680027E55133009BA1C5 /* User.swift in Sources */ = {isa = PBXBuildFile; fileRef = 262567FF27E55133009BA1C5 /* User.swift */; };
		2625680427E552BA009BA1C5 /* Service.swift in Sources */ = {isa = PBXBuildFile; fileRef = 2625680327E552BA009BA1C5 /* Service.swift */; };
/* End PBXBuildFile section */

/* Begin PBXFileReference section */
		262567E327E55013009BA1C5 /* AppNetworking.app */ = {isa = PBXFileReference; explicitFileType = wrapper.application; includeInIndex = 0; path = AppNetworking.app; sourceTree = BUILT_PRODUCTS_DIR; };
		262567E627E55013009BA1C5 /* AppDelegate.swift */ = {isa = PBXFileReference; lastKnownFileType = sourcecode.swift; path = AppDelegate.swift; sourceTree = "<group>"; };
		262567E827E55013009BA1C5 /* SceneDelegate.swift */ = {isa = PBXFileReference; lastKnownFileType = sourcecode.swift; path = SceneDelegate.swift; sourceTree = "<group>"; };
		262567EA27E55013009BA1C5 /* ViewController.swift */ = {isa = PBXFileReference; lastKnownFileType = sourcecode.swift; path = ViewController.swift; sourceTree = "<group>"; };
		262567ED27E55013009BA1C5 /* Base */ = {isa = PBXFileReference; lastKnownFileType = file.storyboard; name = Base; path = Base.lproj/Main.storyboard; sourceTree = "<group>"; };
		262567F027E55013009BA1C5 /* AppNetworking.xcdatamodel */ = {isa = PBXFileReference; lastKnownFileType = wrapper.xcdatamodel; path = AppNetworking.xcdatamodel; sourceTree = "<group>"; };
		262567F227E55014009BA1C5 /* Assets.xcassets */ = {isa = PBXFileReference; lastKnownFileType = folder.assetcatalog; path = Assets.xcassets; sourceTree = "<group>"; };
		262567F527E55014009BA1C5 /* Base */ = {isa = PBXFileReference; lastKnownFileType = file.storyboard; name = Base; path = Base.lproj/LaunchScreen.storyboard; sourceTree = "<group>"; };
		262567F727E55014009BA1C5 /* Info.plist */ = {isa = PBXFileReference; lastKnownFileType = text.plist.xml; path = Info.plist; sourceTree = "<group>"; };
		262567FD27E5503C009BA1C5 /* mock.swift */ = {isa = PBXFileReference; lastKnownFileType = sourcecode.swift; path = mock.swift; sourceTree = "<group>"; };
		262567FF27E55133009BA1C5 /* User.swift */ = {isa = PBXFileReference; lastKnownFileType = sourcecode.swift; path = User.swift; sourceTree = "<group>"; };
		2625680327E552BA009BA1C5 /* Service.swift */ = {isa = PBXFileReference; lastKnownFileType = sourcecode.swift; path = Service.swift; sourceTree = "<group>"; };
/* End PBXFileReference section */

/* Begin PBXFrameworksBuildPhase section */
		262567E027E55013009BA1C5 /* Frameworks */ = {
			isa = PBXFrameworksBuildPhase;
			buildActionMask = 2147483647;
			files = (
			);
			runOnlyForDeploymentPostprocessing = 0;
		};
/* End PBXFrameworksBuildPhase section */

/* Begin PBXGroup section */
		262567DA27E55013009BA1C5 = {
			isa = PBXGroup;
			children = (
				262567E527E55013009BA1C5 /* AppNetworking */,
				262567E427E55013009BA1C5 /* Products */,
			);
			sourceTree = "<group>";
		};
		262567E427E55013009BA1C5 /* Products */ = {
			isa = PBXGroup;
			children = (
				262567E327E55013009BA1C5 /* AppNetworking.app */,
			);
			name = Products;
			sourceTree = "<group>";
		};
		262567E527E55013009BA1C5 /* AppNetworking */ = {
			isa = PBXGroup;
			children = (
				2625680227E552A9009BA1C5 /* Services */,
				262567E627E55013009BA1C5 /* AppDelegate.swift */,
				262567E827E55013009BA1C5 /* SceneDelegate.swift */,
				262567EA27E55013009BA1C5 /* ViewController.swift */,
				262567EC27E55013009BA1C5 /* Main.storyboard */,
				262567F227E55014009BA1C5 /* Assets.xcassets */,
				262567F427E55014009BA1C5 /* LaunchScreen.storyboard */,
				262567F727E55014009BA1C5 /* Info.plist */,
				262567EF27E55013009BA1C5 /* AppNetworking.xcdatamodeld */,
				262567FD27E5503C009BA1C5 /* mock.swift */,
				2625680127E55136009BA1C5 /* Model */,
			);
			path = AppNetworking;
			sourceTree = "<group>";
		};
		2625680127E55136009BA1C5 /* Model */ = {
			isa = PBXGroup;
			children = (
				262567FF27E55133009BA1C5 /* User.swift */,
			);
			path = Model;
			sourceTree = "<group>";
		};
		2625680227E552A9009BA1C5 /* Services */ = {
			isa = PBXGroup;
			children = (
				2625680327E552BA009BA1C5 /* Service.swift */,
			);
			path = Services;
			sourceTree = "<group>";
		};
/* End PBXGroup section */

/* Begin PBXNativeTarget section */
		262567E227E55013009BA1C5 /* AppNetworking */ = {
			isa = PBXNativeTarget;
			buildConfigurationList = 262567FA27E55014009BA1C5 /* Build configuration list for PBXNativeTarget "AppNetworking" */;
			buildPhases = (
				262567DF27E55013009BA1C5 /* Sources */,
				262567E027E55013009BA1C5 /* Frameworks */,
				262567E127E55013009BA1C5 /* Resources */,
			);
			buildRules = (
			);
			dependencies = (
			);
			name = AppNetworking;
			productName = AppNetworking;
			productReference = 262567E327E55013009BA1C5 /* AppNetworking.app */;
			productType = "com.apple.product-type.application";
		};
/* End PBXNativeTarget section */

/* Begin PBXProject section */
		262567DB27E55013009BA1C5 /* Project object */ = {
			isa = PBXProject;
			attributes = {
				BuildIndependentTargetsInParallel = 1;
				LastSwiftUpdateCheck = 1320;
				LastUpgradeCheck = 1320;
				TargetAttributes = {
					262567E227E55013009BA1C5 = {
						CreatedOnToolsVersion = 13.2.1;
					};
				};
			};
			buildConfigurationList = 262567DE27E55013009BA1C5 /* Build configuration list for PBXProject "AppNetworking" */;
			compatibilityVersion = "Xcode 13.0";
			developmentRegion = en;
			hasScannedForEncodings = 0;
			knownRegions = (
				en,
				Base,
			);
			mainGroup = 262567DA27E55013009BA1C5;
			productRefGroup = 262567E427E55013009BA1C5 /* Products */;
			projectDirPath = "";
			projectRoot = "";
			targets = (
				262567E227E55013009BA1C5 /* AppNetworking */,
			);
		};
/* End PBXProject section */

/* Begin PBXResourcesBuildPhase section */
		262567E127E55013009BA1C5 /* Resources */ = {
			isa = PBXResourcesBuildPhase;
			buildActionMask = 2147483647;
			files = (
				262567F627E55014009BA1C5 /* LaunchScreen.storyboard in Resources */,
				262567F327E55014009BA1C5 /* Assets.xcassets in Resources */,
				262567EE27E55013009BA1C5 /* Main.storyboard in Resources */,
			);
			runOnlyForDeploymentPostprocessing = 0;
		};
/* End PBXResourcesBuildPhase section */

/* Begin PBXSourcesBuildPhase section */
		262567DF27E55013009BA1C5 /* Sources */ = {
			isa = PBXSourcesBuildPhase;
			buildActionMask = 2147483647;
			files = (
				262567EB27E55013009BA1C5 /* ViewController.swift in Sources */,
				262567E727E55013009BA1C5 /* AppDelegate.swift in Sources */,
				2625680027E55133009BA1C5 /* User.swift in Sources */,
				262567FE27E5503C009BA1C5 /* mock.swift in Sources */,
				262567E927E55013009BA1C5 /* SceneDelegate.swift in Sources */,
				2625680427E552BA009BA1C5 /* Service.swift in Sources */,
				262567F127E55013009BA1C5 /* AppNetworking.xcdatamodeld in Sources */,
			);
			runOnlyForDeploymentPostprocessing = 0;
		};
/* End PBXSourcesBuildPhase section */

/* Begin PBXVariantGroup section */
		262567EC27E55013009BA1C5 /* Main.storyboard */ = {
			isa = PBXVariantGroup;
			children = (
				262567ED27E55013009BA1C5 /* Base */,
			);
			name = Main.storyboard;
			sourceTree = "<group>";
		};
		262567F427E55014009BA1C5 /* LaunchScreen.storyboard */ = {
			isa = PBXVariantGroup;
			children = (
				262567F527E55014009BA1C5 /* Base */,
			);
			name = LaunchScreen.storyboard;
			sourceTree = "<group>";
		};
/* End PBXVariantGroup section */

/* Begin XCBuildConfiguration section */
		262567F827E55014009BA1C5 /* Debug */ = {
			isa = XCBuildConfiguration;
			buildSettings = {
				ALWAYS_SEARCH_USER_PATHS = NO;
				CLANG_ANALYZER_NONNULL = YES;
				CLANG_ANALYZER_NUMBER_OBJECT_CONVERSION = YES_AGGRESSIVE;
				CLANG_CXX_LANGUAGE_STANDARD = "gnu++17";
				CLANG_CXX_LIBRARY = "libc++";
				CLANG_ENABLE_MODULES = YES;
				CLANG_ENABLE_OBJC_ARC = YES;
				CLANG_ENABLE_OBJC_WEAK = YES;
				CLANG_WARN_BLOCK_CAPTURE_AUTORELEASING = YES;
				CLANG_WARN_BOOL_CONVERSION = YES;
				CLANG_WARN_COMMA = YES;
				CLANG_WARN_CONSTANT_CONVERSION = YES;
				CLANG_WARN_DEPRECATED_OBJC_IMPLEMENTATIONS = YES;
				CLANG_WARN_DIRECT_OBJC_ISA_USAGE = YES_ERROR;
				CLANG_WARN_DOCUMENTATION_COMMENTS = YES;
				CLANG_WARN_EMPTY_BODY = YES;
				CLANG_WARN_ENUM_CONVERSION = YES;
				CLANG_WARN_INFINITE_RECURSION = YES;
				CLANG_WARN_INT_CONVERSION = YES;
				CLANG_WARN_NON_LITERAL_NULL_CONVERSION = YES;
				CLANG_WARN_OBJC_IMPLICIT_RETAIN_SELF = YES;
				CLANG_WARN_OBJC_LITERAL_CONVERSION = YES;
				CLANG_WARN_OBJC_ROOT_CLASS = YES_ERROR;
				CLANG_WARN_QUOTED_INCLUDE_IN_FRAMEWORK_HEADER = YES;
				CLANG_WARN_RANGE_LOOP_ANALYSIS = YES;
				CLANG_WARN_STRICT_PROTOTYPES = YES;
				CLANG_WARN_SUSPICIOUS_MOVE = YES;
				CLANG_WARN_UNGUARDED_AVAILABILITY = YES_AGGRESSIVE;
				CLANG_WARN_UNREACHABLE_CODE = YES;
				CLANG_WARN__DUPLICATE_METHOD_MATCH = YES;
				COPY_PHASE_STRIP = NO;
				DEBUG_INFORMATION_FORMAT = dwarf;
				ENABLE_STRICT_OBJC_MSGSEND = YES;
				ENABLE_TESTABILITY = YES;
				GCC_C_LANGUAGE_STANDARD = gnu11;
				GCC_DYNAMIC_NO_PIC = NO;
				GCC_NO_COMMON_BLOCKS = YES;
				GCC_OPTIMIZATION_LEVEL = 0;
				GCC_PREPROCESSOR_DEFINITIONS = (
					"DEBUG=1",
					"$(inherited)",
				);
				GCC_WARN_64_TO_32_BIT_CONVERSION = YES;
				GCC_WARN_ABOUT_RETURN_TYPE = YES_ERROR;
				GCC_WARN_UNDECLARED_SELECTOR = YES;
				GCC_WARN_UNINITIALIZED_AUTOS = YES_AGGRESSIVE;
				GCC_WARN_UNUSED_FUNCTION = YES;
				GCC_WARN_UNUSED_VARIABLE = YES;
				IPHONEOS_DEPLOYMENT_TARGET = 15.2;
				MTL_ENABLE_DEBUG_INFO = INCLUDE_SOURCE;
				MTL_FAST_MATH = YES;
				ONLY_ACTIVE_ARCH = YES;
				SDKROOT = iphoneos;
				SWIFT_ACTIVE_COMPILATION_CONDITIONS = DEBUG;
				SWIFT_OPTIMIZATION_LEVEL = "-Onone";
			};
			name = Debug;
		};
		262567F927E55014009BA1C5 /* Release */ = {
			isa = XCBuildConfiguration;
			buildSettings = {
				ALWAYS_SEARCH_USER_PATHS = NO;
				CLANG_ANALYZER_NONNULL = YES;
				CLANG_ANALYZER_NUMBER_OBJECT_CONVERSION = YES_AGGRESSIVE;
				CLANG_CXX_LANGUAGE_STANDARD = "gnu++17";
				CLANG_CXX_LIBRARY = "libc++";
				CLANG_ENABLE_MODULES = YES;
				CLANG_ENABLE_OBJC_ARC = YES;
				CLANG_ENABLE_OBJC_WEAK = YES;
				CLANG_WARN_BLOCK_CAPTURE_AUTORELEASING = YES;
				CLANG_WARN_BOOL_CONVERSION = YES;
				CLANG_WARN_COMMA = YES;
				CLANG_WARN_CONSTANT_CONVERSION = YES;
				CLANG_WARN_DEPRECATED_OBJC_IMPLEMENTATIONS = YES;
				CLANG_WARN_DIRECT_OBJC_ISA_USAGE = YES_ERROR;
				CLANG_WARN_DOCUMENTATION_COMMENTS = YES;
				CLANG_WARN_EMPTY_BODY = YES;
				CLANG_WARN_ENUM_CONVERSION = YES;
				CLANG_WARN_INFINITE_RECURSION = YES;
				CLANG_WARN_INT_CONVERSION = YES;
				CLANG_WARN_NON_LITERAL_NULL_CONVERSION = YES;
				CLANG_WARN_OBJC_IMPLICIT_RETAIN_SELF = YES;
				CLANG_WARN_OBJC_LITERAL_CONVERSION = YES;
				CLANG_WARN_OBJC_ROOT_CLASS = YES_ERROR;
				CLANG_WARN_QUOTED_INCLUDE_IN_FRAMEWORK_HEADER = YES;
				CLANG_WARN_RANGE_LOOP_ANALYSIS = YES;
				CLANG_WARN_STRICT_PROTOTYPES = YES;
				CLANG_WARN_SUSPICIOUS_MOVE = YES;
				CLANG_WARN_UNGUARDED_AVAILABILITY = YES_AGGRESSIVE;
				CLANG_WARN_UNREACHABLE_CODE = YES;
				CLANG_WARN__DUPLICATE_METHOD_MATCH = YES;
				COPY_PHASE_STRIP = NO;
				DEBUG_INFORMATION_FORMAT = "dwarf-with-dsym";
				ENABLE_NS_ASSERTIONS = NO;
				ENABLE_STRICT_OBJC_MSGSEND = YES;
				GCC_C_LANGUAGE_STANDARD = gnu11;
				GCC_NO_COMMON_BLOCKS = YES;
				GCC_WARN_64_TO_32_BIT_CONVERSION = YES;
				GCC_WARN_ABOUT_RETURN_TYPE = YES_ERROR;
				GCC_WARN_UNDECLARED_SELECTOR = YES;
				GCC_WARN_UNINITIALIZED_AUTOS = YES_AGGRESSIVE;
				GCC_WARN_UNUSED_FUNCTION = YES;
				GCC_WARN_UNUSED_VARIABLE = YES;
				IPHONEOS_DEPLOYMENT_TARGET = 15.2;
				MTL_ENABLE_DEBUG_INFO = NO;
				MTL_FAST_MATH = YES;
				SDKROOT = iphoneos;
				SWIFT_COMPILATION_MODE = wholemodule;
				SWIFT_OPTIMIZATION_LEVEL = "-O";
				VALIDATE_PRODUCT = YES;
			};
			name = Release;
		};
		262567FB27E55014009BA1C5 /* Debug */ = {
			isa = XCBuildConfiguration;
			buildSettings = {
				ASSETCATALOG_COMPILER_APPICON_NAME = AppIcon;
				ASSETCATALOG_COMPILER_GLOBAL_ACCENT_COLOR_NAME = AccentColor;
				CODE_SIGN_STYLE = Automatic;
				CURRENT_PROJECT_VERSION = 1;
				DEVELOPMENT_TEAM = W5N48362H7;
				GENERATE_INFOPLIST_FILE = YES;
				INFOPLIST_FILE = AppNetworking/Info.plist;
				INFOPLIST_KEY_UIApplicationSupportsIndirectInputEvents = YES;
				INFOPLIST_KEY_UILaunchStoryboardName = LaunchScreen;
				INFOPLIST_KEY_UIMainStoryboardFile = Main;
				INFOPLIST_KEY_UISupportedInterfaceOrientations = UIInterfaceOrientationPortrait;
				INFOPLIST_KEY_UISupportedInterfaceOrientations_iPad = "UIInterfaceOrientationPortrait UIInterfaceOrientationPortraitUpsideDown UIInterfaceOrientationLandscapeLeft UIInterfaceOrientationLandscapeRight";
				INFOPLIST_KEY_UISupportedInterfaceOrientations_iPhone = "UIInterfaceOrientationPortrait UIInterfaceOrientationLandscapeLeft UIInterfaceOrientationLandscapeRight";
				LD_RUNPATH_SEARCH_PATHS = (
					"$(inherited)",
					"@executable_path/Frameworks",
				);
				MARKETING_VERSION = 1.0;
				PRODUCT_BUNDLE_IDENTIFIER = com.williamdsk.AppNetworking;
				PRODUCT_NAME = "$(TARGET_NAME)";
				SWIFT_EMIT_LOC_STRINGS = YES;
				SWIFT_VERSION = 5.0;
				TARGETED_DEVICE_FAMILY = 1;
			};
			name = Debug;
		};
		262567FC27E55014009BA1C5 /* Release */ = {
			isa = XCBuildConfiguration;
			buildSettings = {
				ASSETCATALOG_COMPILER_APPICON_NAME = AppIcon;
				ASSETCATALOG_COMPILER_GLOBAL_ACCENT_COLOR_NAME = AccentColor;
				CODE_SIGN_STYLE = Automatic;
				CURRENT_PROJECT_VERSION = 1;
				DEVELOPMENT_TEAM = W5N48362H7;
				GENERATE_INFOPLIST_FILE = YES;
				INFOPLIST_FILE = AppNetworking/Info.plist;
				INFOPLIST_KEY_UIApplicationSupportsIndirectInputEvents = YES;
				INFOPLIST_KEY_UILaunchStoryboardName = LaunchScreen;
				INFOPLIST_KEY_UIMainStoryboardFile = Main;
				INFOPLIST_KEY_UISupportedInterfaceOrientations = UIInterfaceOrientationPortrait;
				INFOPLIST_KEY_UISupportedInterfaceOrientations_iPad = "UIInterfaceOrientationPortrait UIInterfaceOrientationPortraitUpsideDown UIInterfaceOrientationLandscapeLeft UIInterfaceOrientationLandscapeRight";
				INFOPLIST_KEY_UISupportedInterfaceOrientations_iPhone = "UIInterfaceOrientationPortrait UIInterfaceOrientationLandscapeLeft UIInterfaceOrientationLandscapeRight";
				LD_RUNPATH_SEARCH_PATHS = (
					"$(inherited)",
					"@executable_path/Frameworks",
				);
				MARKETING_VERSION = 1.0;
				PRODUCT_BUNDLE_IDENTIFIER = com.williamdsk.AppNetworking;
				PRODUCT_NAME = "$(TARGET_NAME)";
				SWIFT_EMIT_LOC_STRINGS = YES;
				SWIFT_VERSION = 5.0;
				TARGETED_DEVICE_FAMILY = 1;
			};
			name = Release;
		};
/* End XCBuildConfiguration section */

/* Begin XCConfigurationList section */
		262567DE27E55013009BA1C5 /* Build configuration list for PBXProject "AppNetworking" */ = {
			isa = XCConfigurationList;
			buildConfigurations = (
				262567F827E55014009BA1C5 /* Debug */,
				262567F927E55014009BA1C5 /* Release */,
			);
			defaultConfigurationIsVisible = 0;
			defaultConfigurationName = Release;
		};
		262567FA27E55014009BA1C5 /* Build configuration list for PBXNativeTarget "AppNetworking" */ = {
			isa = XCConfigurationList;
			buildConfigurations = (
				262567FB27E55014009BA1C5 /* Debug */,
				262567FC27E55014009BA1C5 /* Release */,
			);
			defaultConfigurationIsVisible = 0;
			defaultConfigurationName = Release;
		};
/* End XCConfigurationList section */

/* Begin XCVersionGroup section */
		262567EF27E55013009BA1C5 /* AppNetworking.xcdatamodeld */ = {
			isa = XCVersionGroup;
			children = (
				262567F027E55013009BA1C5 /* AppNetworking.xcdatamodel */,
			);
			currentVersion = 262567F027E55013009BA1C5 /* AppNetworking.xcdatamodel */;
			path = AppNetworking.xcdatamodeld;
			sourceTree = "<group>";
			versionGroupType = wrapper.xcdatamodel;
		};
/* End XCVersionGroup section */
	};
	rootObject = 262567DB27E55013009BA1C5 /* Project object */;
}
